Microsoft Visual Studio Solution File, Format Version 12.00
# Visual Studio 15
VisualStudioVersion = 15.0.27130.2003
MinimumVisualStudioVersion = 10.0.40219.1
Project("{8BC9CEB8-8B4A-11D0-8D11-00A0C91BC942}") = "core", "core.vcxproj", "{D86C6E84-3371-4B20-8620-A703FF3F2CC5}"
EndProject
Project("{8BC9CEB8-8B4A-11D0-8D11-00A0C91BC942}") = "plugin-common", "plugin-common.vcxproj", "{13F7DDD7-2282-408A-AEF9-72266E0236DC}"
	ProjectSection(ProjectDependencies) = postProject
		{D86C6E84-3371-4B20-8620-A703FF3F2CC5} = {D86C6E84-3371-4B20-8620-A703FF3F2CC5}
	EndProjectSection
EndProject
Project("{8BC9CEB8-8B4A-11D0-8D11-00A0C91BC942}") = "plugin-mupen64plus", "plugin-mupen64plus.vcxproj", "{54BDC4EF-2526-47F7-A73E-C1C0FBC0237C}"
	ProjectSection(ProjectDependencies) = postProject
		{D86C6E84-3371-4B20-8620-A703FF3F2CC5} = {D86C6E84-3371-4B20-8620-A703FF3F2CC5}
		{13F7DDD7-2282-408A-AEF9-72266E0236DC} = {13F7DDD7-2282-408A-AEF9-72266E0236DC}
	EndProjectSection
EndProject
Project("{8BC9CEB8-8B4A-11D0-8D11-00A0C91BC942}") = "plugin-zilmar", "plugin-zilmar.vcxproj", "{722AD25D-C281-48FB-9A58-7699E50F8E6D}"
	ProjectSection(ProjectDependencies) = postProject
		{D86C6E84-3371-4B20-8620-A703FF3F2CC5} = {D86C6E84-3371-4B20-8620-A703FF3F2CC5}
		{13F7DDD7-2282-408A-AEF9-72266E0236DC} = {13F7DDD7-2282-408A-AEF9-72266E0236DC}
	EndProjectSection
EndProject
Project("{8BC9CEB8-8B4A-11D0-8D11-00A0C91BC942}") = "reshade", "ReShade.vcxproj", "{0401ADF5-D085-4A3D-95B2-D9B7896BB338}"
EndProject
Project("{8BC9CEB8-8B4A-11D0-8D11-00A0C91BC942}") = "reshade-fx", "ReShadeFX.vcxproj", "{D1C2099B-BEC7-4993-8947-01D4A1F7EAE2}"
EndProject
Project("{8BC9CEB8-8B4A-11D0-8D11-00A0C91BC942}") = "reshade-fxc", "ReShadeFXC.vcxproj", "{65640687-0740-4681-B018-17DBF33E061C}"
EndProject
Project("{2150E333-8FDC-42A3-9474-1A3956D46DE8}") = "deps", "deps", "{02176CFA-E87C-41C3-AAF5-A8353C33FF11}"
EndProject
Project("{8BC9CEB8-8B4A-11D0-8D11-00A0C91BC942}") = "gl3w", "deps\gl3w.vcxproj", "{09C0D610-9B82-40D8-B37E-0D26E3BFF77F}"
EndProject
Project("{8BC9CEB8-8B4A-11D0-8D11-00A0C91BC942}") = "ImGui", "deps\ImGui.vcxproj", "{9A62233B-0B70-4B48-91E8-35AA666BC32E}"
EndProject
Project("{8BC9CEB8-8B4A-11D0-8D11-00A0C91BC942}") = "MinHook", "deps\MinHook.vcxproj", "{783FEDFB-5124-4F8C-87BC-70AA8490266B}"
EndProject
Project("{8BC9CEB8-8B4A-11D0-8D11-00A0C91BC942}") = "stb", "deps\stb.vcxproj", "{723BDEF8-4A39-4961-BDAB-54074012FF47}"
EndProject
Global
	GlobalSection(SolutionConfigurationPlatforms) = preSolution
		Debug App|x64 = Debug App|x64
		Debug App|x86 = Debug App|x86
		Debug|x64 = Debug|x64
		Debug|x86 = Debug|x86
		Release App|x64 = Release App|x64
		Release App|x86 = Release App|x86
		Release|x64 = Release|x64
		Release|x86 = Release|x86
	EndGlobalSection
	GlobalSection(ProjectConfigurationPlatforms) = postSolution
		{D86C6E84-3371-4B20-8620-A703FF3F2CC5}.Debug App|x64.ActiveCfg = Debug|x64
		{D86C6E84-3371-4B20-8620-A703FF3F2CC5}.Debug App|x64.Build.0 = Debug|x64
		{D86C6E84-3371-4B20-8620-A703FF3F2CC5}.Debug App|x86.ActiveCfg = Debug|Win32
		{D86C6E84-3371-4B20-8620-A703FF3F2CC5}.Debug App|x86.Build.0 = Debug|Win32
		{D86C6E84-3371-4B20-8620-A703FF3F2CC5}.Debug|x64.ActiveCfg = Debug|x64
		{D86C6E84-3371-4B20-8620-A703FF3F2CC5}.Debug|x64.Build.0 = Debug|x64
		{D86C6E84-3371-4B20-8620-A703FF3F2CC5}.Debug|x86.ActiveCfg = Debug|Win32
		{D86C6E84-3371-4B20-8620-A703FF3F2CC5}.Debug|x86.Build.0 = Debug|Win32
		{D86C6E84-3371-4B20-8620-A703FF3F2CC5}.Release App|x64.ActiveCfg = Release|x64
		{D86C6E84-3371-4B20-8620-A703FF3F2CC5}.Release App|x64.Build.0 = Release|x64
		{D86C6E84-3371-4B20-8620-A703FF3F2CC5}.Release App|x86.ActiveCfg = Release|Win32
		{D86C6E84-3371-4B20-8620-A703FF3F2CC5}.Release App|x86.Build.0 = Release|Win32
		{D86C6E84-3371-4B20-8620-A703FF3F2CC5}.Release|x64.ActiveCfg = Release|x64
		{D86C6E84-3371-4B20-8620-A703FF3F2CC5}.Release|x64.Build.0 = Release|x64
		{D86C6E84-3371-4B20-8620-A703FF3F2CC5}.Release|x86.ActiveCfg = Release|Win32
		{D86C6E84-3371-4B20-8620-A703FF3F2CC5}.Release|x86.Build.0 = Release|Win32
		{13F7DDD7-2282-408A-AEF9-72266E0236DC}.Debug App|x64.ActiveCfg = Debug|x64
		{13F7DDD7-2282-408A-AEF9-72266E0236DC}.Debug App|x64.Build.0 = Debug|x64
		{13F7DDD7-2282-408A-AEF9-72266E0236DC}.Debug App|x86.ActiveCfg = Debug|Win32
		{13F7DDD7-2282-408A-AEF9-72266E0236DC}.Debug App|x86.Build.0 = Debug|Win32
		{13F7DDD7-2282-408A-AEF9-72266E0236DC}.Debug|x64.ActiveCfg = Debug|x64
		{13F7DDD7-2282-408A-AEF9-72266E0236DC}.Debug|x64.Build.0 = Debug|x64
		{13F7DDD7-2282-408A-AEF9-72266E0236DC}.Debug|x86.ActiveCfg = Debug|Win32
		{13F7DDD7-2282-408A-AEF9-72266E0236DC}.Debug|x86.Build.0 = Debug|Win32
		{13F7DDD7-2282-408A-AEF9-72266E0236DC}.Release App|x64.ActiveCfg = Release|x64
		{13F7DDD7-2282-408A-AEF9-72266E0236DC}.Release App|x64.Build.0 = Release|x64
		{13F7DDD7-2282-408A-AEF9-72266E0236DC}.Release App|x86.ActiveCfg = Release|Win32
		{13F7DDD7-2282-408A-AEF9-72266E0236DC}.Release App|x86.Build.0 = Release|Win32
		{13F7DDD7-2282-408A-AEF9-72266E0236DC}.Release|x64.ActiveCfg = Release|x64
		{13F7DDD7-2282-408A-AEF9-72266E0236DC}.Release|x64.Build.0 = Release|x64
		{13F7DDD7-2282-408A-AEF9-72266E0236DC}.Release|x86.ActiveCfg = Release|Win32
		{13F7DDD7-2282-408A-AEF9-72266E0236DC}.Release|x86.Build.0 = Release|Win32
		{54BDC4EF-2526-47F7-A73E-C1C0FBC0237C}.Debug App|x64.ActiveCfg = Debug|x64
		{54BDC4EF-2526-47F7-A73E-C1C0FBC0237C}.Debug App|x64.Build.0 = Debug|x64
		{54BDC4EF-2526-47F7-A73E-C1C0FBC0237C}.Debug App|x86.ActiveCfg = Debug|Win32
		{54BDC4EF-2526-47F7-A73E-C1C0FBC0237C}.Debug App|x86.Build.0 = Debug|Win32
		{54BDC4EF-2526-47F7-A73E-C1C0FBC0237C}.Debug|x64.ActiveCfg = Debug|x64
		{54BDC4EF-2526-47F7-A73E-C1C0FBC0237C}.Debug|x64.Build.0 = Debug|x64
		{54BDC4EF-2526-47F7-A73E-C1C0FBC0237C}.Debug|x86.ActiveCfg = Debug|Win32
		{54BDC4EF-2526-47F7-A73E-C1C0FBC0237C}.Debug|x86.Build.0 = Debug|Win32
		{54BDC4EF-2526-47F7-A73E-C1C0FBC0237C}.Release App|x64.ActiveCfg = Release|x64
		{54BDC4EF-2526-47F7-A73E-C1C0FBC0237C}.Release App|x64.Build.0 = Release|x64
		{54BDC4EF-2526-47F7-A73E-C1C0FBC0237C}.Release App|x86.ActiveCfg = Release|Win32
		{54BDC4EF-2526-47F7-A73E-C1C0FBC0237C}.Release App|x86.Build.0 = Release|Win32
		{54BDC4EF-2526-47F7-A73E-C1C0FBC0237C}.Release|x64.ActiveCfg = Release|x64
		{54BDC4EF-2526-47F7-A73E-C1C0FBC0237C}.Release|x64.Build.0 = Release|x64
		{54BDC4EF-2526-47F7-A73E-C1C0FBC0237C}.Release|x86.ActiveCfg = Release|Win32
		{54BDC4EF-2526-47F7-A73E-C1C0FBC0237C}.Release|x86.Build.0 = Release|Win32
		{722AD25D-C281-48FB-9A58-7699E50F8E6D}.Debug App|x64.ActiveCfg = Debug|x64
		{722AD25D-C281-48FB-9A58-7699E50F8E6D}.Debug App|x64.Build.0 = Debug|x64
		{722AD25D-C281-48FB-9A58-7699E50F8E6D}.Debug App|x86.ActiveCfg = Debug|Win32
		{722AD25D-C281-48FB-9A58-7699E50F8E6D}.Debug App|x86.Build.0 = Debug|Win32
		{722AD25D-C281-48FB-9A58-7699E50F8E6D}.Debug|x64.ActiveCfg = Debug|x64
		{722AD25D-C281-48FB-9A58-7699E50F8E6D}.Debug|x64.Build.0 = Debug|x64
		{722AD25D-C281-48FB-9A58-7699E50F8E6D}.Debug|x86.ActiveCfg = Debug|Win32
		{722AD25D-C281-48FB-9A58-7699E50F8E6D}.Debug|x86.Build.0 = Debug|Win32
		{722AD25D-C281-48FB-9A58-7699E50F8E6D}.Release App|x64.ActiveCfg = Release|x64
		{722AD25D-C281-48FB-9A58-7699E50F8E6D}.Release App|x64.Build.0 = Release|x64
		{722AD25D-C281-48FB-9A58-7699E50F8E6D}.Release App|x86.ActiveCfg = Release|Win32
		{722AD25D-C281-48FB-9A58-7699E50F8E6D}.Release App|x86.Build.0 = Release|Win32
		{722AD25D-C281-48FB-9A58-7699E50F8E6D}.Release|x64.ActiveCfg = Release|x64
		{722AD25D-C281-48FB-9A58-7699E50F8E6D}.Release|x64.Build.0 = Release|x64
		{722AD25D-C281-48FB-9A58-7699E50F8E6D}.Release|x86.ActiveCfg = Release|Win32
		{722AD25D-C281-48FB-9A58-7699E50F8E6D}.Release|x86.Build.0 = Release|Win32
		{0401ADF5-D085-4A3D-95B2-D9B7896BB338}.Debug App|x64.ActiveCfg = Debug App|x64
		{0401ADF5-D085-4A3D-95B2-D9B7896BB338}.Debug App|x64.Build.0 = Debug App|x64
		{0401ADF5-D085-4A3D-95B2-D9B7896BB338}.Debug App|x86.ActiveCfg = Debug App|Win32
		{0401ADF5-D085-4A3D-95B2-D9B7896BB338}.Debug App|x86.Build.0 = Debug App|Win32
		{0401ADF5-D085-4A3D-95B2-D9B7896BB338}.Debug|x64.ActiveCfg = Debug|x64
		{0401ADF5-D085-4A3D-95B2-D9B7896BB338}.Debug|x64.Build.0 = Debug|x64
		{0401ADF5-D085-4A3D-95B2-D9B7896BB338}.Debug|x86.ActiveCfg = Debug|Win32
		{0401ADF5-D085-4A3D-95B2-D9B7896BB338}.Debug|x86.Build.0 = Debug|Win32
		{0401ADF5-D085-4A3D-95B2-D9B7896BB338}.Release App|x64.ActiveCfg = Release App|x64
		{0401ADF5-D085-4A3D-95B2-D9B7896BB338}.Release App|x64.Build.0 = Release App|x64
		{0401ADF5-D085-4A3D-95B2-D9B7896BB338}.Release App|x86.ActiveCfg = Release App|Win32
		{0401ADF5-D085-4A3D-95B2-D9B7896BB338}.Release App|x86.Build.0 = Release App|Win32
		{0401ADF5-D085-4A3D-95B2-D9B7896BB338}.Release|x64.ActiveCfg = Release|x64
		{0401ADF5-D085-4A3D-95B2-D9B7896BB338}.Release|x64.Build.0 = Release|x64
		{0401ADF5-D085-4A3D-95B2-D9B7896BB338}.Release|x86.ActiveCfg = Release|Win32
		{0401ADF5-D085-4A3D-95B2-D9B7896BB338}.Release|x86.Build.0 = Release|Win32
		{D1C2099B-BEC7-4993-8947-01D4A1F7EAE2}.Debug App|x64.ActiveCfg = Debug|x64
		{D1C2099B-BEC7-4993-8947-01D4A1F7EAE2}.Debug App|x64.Build.0 = Debug|x64
		{D1C2099B-BEC7-4993-8947-01D4A1F7EAE2}.Debug App|x86.ActiveCfg = Debug|Win32
		{D1C2099B-BEC7-4993-8947-01D4A1F7EAE2}.Debug App|x86.Build.0 = Debug|Win32
		{D1C2099B-BEC7-4993-8947-01D4A1F7EAE2}.Debug|x64.ActiveCfg = Debug|x64
		{D1C2099B-BEC7-4993-8947-01D4A1F7EAE2}.Debug|x64.Build.0 = Debug|x64
		{D1C2099B-BEC7-4993-8947-01D4A1F7EAE2}.Debug|x86.ActiveCfg = Debug|Win32
		{D1C2099B-BEC7-4993-8947-01D4A1F7EAE2}.Debug|x86.Build.0 = Debug|Win32
		{D1C2099B-BEC7-4993-8947-01D4A1F7EAE2}.Release App|x64.ActiveCfg = Release|x64
		{D1C2099B-BEC7-4993-8947-01D4A1F7EAE2}.Release App|x64.Build.0 = Release|x64
		{D1C2099B-BEC7-4993-8947-01D4A1F7EAE2}.Release App|x86.ActiveCfg = Release|Win32
		{D1C2099B-BEC7-4993-8947-01D4A1F7EAE2}.Release App|x86.Build.0 = Release|Win32
		{D1C2099B-BEC7-4993-8947-01D4A1F7EAE2}.Release|x64.ActiveCfg = Release|x64
		{D1C2099B-BEC7-4993-8947-01D4A1F7EAE2}.Release|x64.Build.0 = Release|x64
		{D1C2099B-BEC7-4993-8947-01D4A1F7EAE2}.Release|x86.ActiveCfg = Release|Win32
		{D1C2099B-BEC7-4993-8947-01D4A1F7EAE2}.Release|x86.Build.0 = Release|Win32
		{65640687-0740-4681-B018-17DBF33E061C}.Debug App|x64.ActiveCfg = Debug|x64
		{65640687-0740-4681-B018-17DBF33E061C}.Debug App|x64.Build.0 = Debug|x64
		{65640687-0740-4681-B018-17DBF33E061C}.Debug App|x86.ActiveCfg = Debug|Win32
		{65640687-0740-4681-B018-17DBF33E061C}.Debug App|x86.Build.0 = Debug|Win32
		{65640687-0740-4681-B018-17DBF33E061C}.Debug|x64.ActiveCfg = Debug|x64
		{65640687-0740-4681-B018-17DBF33E061C}.Debug|x64.Build.0 = Debug|x64
		{65640687-0740-4681-B018-17DBF33E061C}.Debug|x86.ActiveCfg = Debug|Win32
		{65640687-0740-4681-B018-17DBF33E061C}.Debug|x86.Build.0 = Debug|Win32
		{65640687-0740-4681-B018-17DBF33E061C}.Release App|x64.ActiveCfg = Release|x64
		{65640687-0740-4681-B018-17DBF33E061C}.Release App|x64.Build.0 = Release|x64
		{65640687-0740-4681-B018-17DBF33E061C}.Release App|x86.ActiveCfg = Release|Win32
		{65640687-0740-4681-B018-17DBF33E061C}.Release App|x86.Build.0 = Release|Win32
		{65640687-0740-4681-B018-17DBF33E061C}.Release|x64.ActiveCfg = Release|x64
		{65640687-0740-4681-B018-17DBF33E061C}.Release|x64.Build.0 = Release|x64
		{65640687-0740-4681-B018-17DBF33E061C}.Release|x86.ActiveCfg = Release|Win32
		{65640687-0740-4681-B018-17DBF33E061C}.Release|x86.Build.0 = Release|Win32
		{09C0D610-9B82-40D8-B37E-0D26E3BFF77F}.Debug App|x64.ActiveCfg = Debug|x64
		{09C0D610-9B82-40D8-B37E-0D26E3BFF77F}.Debug App|x64.Build.0 = Debug|x64
		{09C0D610-9B82-40D8-B37E-0D26E3BFF77F}.Debug App|x86.ActiveCfg = Debug|Win32
		{09C0D610-9B82-40D8-B37E-0D26E3BFF77F}.Debug App|x86.Build.0 = Debug|Win32
		{09C0D610-9B82-40D8-B37E-0D26E3BFF77F}.Debug|x64.ActiveCfg = Debug|x64
		{09C0D610-9B82-40D8-B37E-0D26E3BFF77F}.Debug|x64.Build.0 = Debug|x64
		{09C0D610-9B82-40D8-B37E-0D26E3BFF77F}.Debug|x86.ActiveCfg = Debug|Win32
		{09C0D610-9B82-40D8-B37E-0D26E3BFF77F}.Debug|x86.Build.0 = Debug|Win32
		{09C0D610-9B82-40D8-B37E-0D26E3BFF77F}.Release App|x64.ActiveCfg = Release|x64
		{09C0D610-9B82-40D8-B37E-0D26E3BFF77F}.Release App|x64.Build.0 = Release|x64
		{09C0D610-9B82-40D8-B37E-0D26E3BFF77F}.Release App|x86.ActiveCfg = Release|Win32
		{09C0D610-9B82-40D8-B37E-0D26E3BFF77F}.Release App|x86.Build.0 = Release|Win32
		{09C0D610-9B82-40D8-B37E-0D26E3BFF77F}.Release|x64.ActiveCfg = Release|x64
		{09C0D610-9B82-40D8-B37E-0D26E3BFF77F}.Release|x64.Build.0 = Release|x64
		{09C0D610-9B82-40D8-B37E-0D26E3BFF77F}.Release|x86.ActiveCfg = Release|Win32
		{09C0D610-9B82-40D8-B37E-0D26E3BFF77F}.Release|x86.Build.0 = Release|Win32
		{9A62233B-0B70-4B48-91E8-35AA666BC32E}.Debug App|x64.ActiveCfg = Debug|x64
		{9A62233B-0B70-4B48-91E8-35AA666BC32E}.Debug App|x64.Build.0 = Debug|x64
		{9A62233B-0B70-4B48-91E8-35AA666BC32E}.Debug App|x86.ActiveCfg = Debug|Win32
		{9A62233B-0B70-4B48-91E8-35AA666BC32E}.Debug App|x86.Build.0 = Debug|Win32
		{9A62233B-0B70-4B48-91E8-35AA666BC32E}.Debug|x64.ActiveCfg = Debug|x64
		{9A62233B-0B70-4B48-91E8-35AA666BC32E}.Debug|x64.Build.0 = Debug|x64
		{9A62233B-0B70-4B48-91E8-35AA666BC32E}.Debug|x86.ActiveCfg = Debug|Win32
		{9A62233B-0B70-4B48-91E8-35AA666BC32E}.Debug|x86.Build.0 = Debug|Win32
		{9A62233B-0B70-4B48-91E8-35AA666BC32E}.Release App|x64.ActiveCfg = Release|x64
		{9A62233B-0B70-4B48-91E8-35AA666BC32E}.Release App|x64.Build.0 = Release|x64
		{9A62233B-0B70-4B48-91E8-35AA666BC32E}.Release App|x86.ActiveCfg = Release|Win32
		{9A62233B-0B70-4B48-91E8-35AA666BC32E}.Release App|x86.Build.0 = Release|Win32
		{9A62233B-0B70-4B48-91E8-35AA666BC32E}.Release|x64.ActiveCfg = Release|x64
		{9A62233B-0B70-4B48-91E8-35AA666BC32E}.Release|x64.Build.0 = Release|x64
		{9A62233B-0B70-4B48-91E8-35AA666BC32E}.Release|x86.ActiveCfg = Release|Win32
		{9A62233B-0B70-4B48-91E8-35AA666BC32E}.Release|x86.Build.0 = Release|Win32
		{783FEDFB-5124-4F8C-87BC-70AA8490266B}.Debug App|x64.ActiveCfg = Debug|x64
		{783FEDFB-5124-4F8C-87BC-70AA8490266B}.Debug App|x64.Build.0 = Debug|x64
		{783FEDFB-5124-4F8C-87BC-70AA8490266B}.Debug App|x86.ActiveCfg = Debug|Win32
		{783FEDFB-5124-4F8C-87BC-70AA8490266B}.Debug App|x86.Build.0 = Debug|Win32
		{783FEDFB-5124-4F8C-87BC-70AA8490266B}.Debug|x64.ActiveCfg = Debug|x64
		{783FEDFB-5124-4F8C-87BC-70AA8490266B}.Debug|x64.Build.0 = Debug|x64
		{783FEDFB-5124-4F8C-87BC-70AA8490266B}.Debug|x86.ActiveCfg = Debug|Win32
		{783FEDFB-5124-4F8C-87BC-70AA8490266B}.Debug|x86.Build.0 = Debug|Win32
		{783FEDFB-5124-4F8C-87BC-70AA8490266B}.Release App|x64.ActiveCfg = Release|x64
		{783FEDFB-5124-4F8C-87BC-70AA8490266B}.Release App|x64.Build.0 = Release|x64
		{783FEDFB-5124-4F8C-87BC-70AA8490266B}.Release App|x86.ActiveCfg = Release|Win32
		{783FEDFB-5124-4F8C-87BC-70AA8490266B}.Release App|x86.Build.0 = Release|Win32
		{783FEDFB-5124-4F8C-87BC-70AA8490266B}.Release|x64.ActiveCfg = Release|x64
		{783FEDFB-5124-4F8C-87BC-70AA8490266B}.Release|x64.Build.0 = Release|x64
		{783FEDFB-5124-4F8C-87BC-70AA8490266B}.Release|x86.ActiveCfg = Release|Win32
		{783FEDFB-5124-4F8C-87BC-70AA8490266B}.Release|x86.Build.0 = Release|Win32
		{723BDEF8-4A39-4961-BDAB-54074012FF47}.Debug App|x64.ActiveCfg = Debug|x64
		{723BDEF8-4A39-4961-BDAB-54074012FF47}.Debug App|x64.Build.0 = Debug|x64
		{723BDEF8-4A39-4961-BDAB-54074012FF47}.Debug App|x86.ActiveCfg = Debug|Win32
		{723BDEF8-4A39-4961-BDAB-54074012FF47}.Debug App|x86.Build.0 = Debug|Win32
		{723BDEF8-4A39-4961-BDAB-54074012FF47}.Debug|x64.ActiveCfg = Debug|x64
		{723BDEF8-4A39-4961-BDAB-54074012FF47}.Debug|x64.Build.0 = Debug|x64
		{723BDEF8-4A39-4961-BDAB-54074012FF47}.Debug|x86.ActiveCfg = Debug|Win32
		{723BDEF8-4A39-4961-BDAB-54074012FF47}.Debug|x86.Build.0 = Debug|Win32
		{723BDEF8-4A39-4961-BDAB-54074012FF47}.Release App|x64.ActiveCfg = Release|x64
		{723BDEF8-4A39-4961-BDAB-54074012FF47}.Release App|x64.Build.0 = Release|x64
		{723BDEF8-4A39-4961-BDAB-54074012FF47}.Release App|x86.ActiveCfg = Release|Win32
		{723BDEF8-4A39-4961-BDAB-54074012FF47}.Release App|x86.Build.0 = Release|Win32
		{723BDEF8-4A39-4961-BDAB-54074012FF47}.Release|x64.ActiveCfg = Release|x64
		{723BDEF8-4A39-4961-BDAB-54074012FF47}.Release|x64.Build.0 = Release|x64
		{723BDEF8-4A39-4961-BDAB-54074012FF47}.Release|x86.ActiveCfg = Release|Win32
		{723BDEF8-4A39-4961-BDAB-54074012FF47}.Release|x86.Build.0 = Release|Win32
	EndGlobalSection
	GlobalSection(SolutionProperties) = preSolution
		HideSolutionNode = FALSE
	EndGlobalSection
	GlobalSection(NestedProjects) = preSolution
		{09C0D610-9B82-40D8-B37E-0D26E3BFF77F} = {02176CFA-E87C-41C3-AAF5-A8353C33FF11}
		{9A62233B-0B70-4B48-91E8-35AA666BC32E} = {02176CFA-E87C-41C3-AAF5-A8353C33FF11}
		{783FEDFB-5124-4F8C-87BC-70AA8490266B} = {02176CFA-E87C-41C3-AAF5-A8353C33FF11}
		{723BDEF8-4A39-4961-BDAB-54074012FF47} = {02176CFA-E87C-41C3-AAF5-A8353C33FF11}
	EndGlobalSection
	GlobalSection(ExtensibilityGlobals) = postSolution
		SolutionGuid = {2896B5DF-D1A8-4A2B-BB7D-835C07F05863}
	EndGlobalSection
EndGlobal
